
Microsoft Visual Studio Solution File, Format Version 12.00
# Visual Studio Version 17
VisualStudioVersion = 17.4.33213.308
MinimumVisualStudioVersion = 10.0.40219.1
Project("{FAE04EC0-301F-11D3-BF4B-00C04F79EFBC}") = "Games.Api", "Games\Games.Api.csproj", "{F9C04302-7D24-4DA9-A26F-6F93C1344597}"
	ProjectSection(ProjectDependencies) = postProject
		{24321AB5-891F-43EA-8E69-CD0852159E39} = {24321AB5-891F-43EA-8E69-CD0852159E39}
	EndProjectSection
EndProject
Project("{FAE04EC0-301F-11D3-BF4B-00C04F79EFBC}") = "Games.Data", "Games.Data\Games.Data.csproj", "{71BAB107-C4A4-4BA8-B861-5BDE5BC40264}"
EndProject
Project("{FAE04EC0-301F-11D3-BF4B-00C04F79EFBC}") = "Games.Services", "Games.Services\Games.Services.csproj", "{24321AB5-891F-43EA-8E69-CD0852159E39}"
	ProjectSection(ProjectDependencies) = postProject
		{71BAB107-C4A4-4BA8-B861-5BDE5BC40264} = {71BAB107-C4A4-4BA8-B861-5BDE5BC40264}
	EndProjectSection
EndProject
Global
	GlobalSection(SolutionConfigurationPlatforms) = preSolution
		Debug|Any CPU = Debug|Any CPU
		Release|Any CPU = Release|Any CPU
	EndGlobalSection
	GlobalSection(ProjectConfigurationPlatforms) = postSolution
		{F9C04302-7D24-4DA9-A26F-6F93C1344597}.Debug|Any CPU.ActiveCfg = Debug|Any CPU
		{F9C04302-7D24-4DA9-A26F-6F93C1344597}.Debug|Any CPU.Build.0 = Debug|Any CPU
		{F9C04302-7D24-4DA9-A26F-6F93C1344597}.Release|Any CPU.ActiveCfg = Release|Any CPU
		{F9C04302-7D24-4DA9-A26F-6F93C1344597}.Release|Any CPU.Build.0 = Release|Any CPU
		{71BAB107-C4A4-4BA8-B861-5BDE5BC40264}.Debug|Any CPU.ActiveCfg = Debug|Any CPU
		{71BAB107-C4A4-4BA8-B861-5BDE5BC40264}.Debug|Any CPU.Build.0 = Debug|Any CPU
		{71BAB107-C4A4-4BA8-B861-5BDE5BC40264}.Release|Any CPU.ActiveCfg = Release|Any CPU
		{71BAB107-C4A4-4BA8-B861-5BDE5BC40264}.Release|Any CPU.Build.0 = Release|Any CPU
		{24321AB5-891F-43EA-8E69-CD0852159E39}.Debug|Any CPU.ActiveCfg = Debug|Any CPU
		{24321AB5-891F-43EA-8E69-CD0852159E39}.Debug|Any CPU.Build.0 = Debug|Any CPU
		{24321AB5-891F-43EA-8E69-CD0852159E39}.Release|Any CPU.ActiveCfg = Release|Any CPU
		{24321AB5-891F-43EA-8E69-CD0852159E39}.Release|Any CPU.Build.0 = Release|Any CPU
	EndGlobalSection
	GlobalSection(SolutionProperties) = preSolution
		HideSolutionNode = FALSE
	EndGlobalSection
	GlobalSection(ExtensibilityGlobals) = postSolution
		SolutionGuid = {B258FD32-A38D-4CD0-B7F0-698793438480}
	EndGlobalSection
EndGlobal
